version = 1
revision = 3
requires-python = ">=3.13"

[[package]]
name = "lizard"
version = "1.23.0"
source = { registry = "https://pypi.org/simple" }
dependencies = [
    { name = "pathspec" },
    { name = "pygments" },
]
sdist = { url = "https://files.pythonhosted.org/packages/5b/94/4967d0868e7db39a72fa2dbef9a798c4d661178f3836bfec58091606f0f3/lizard-1.23.0.tar.gz", hash = "sha256:ed75cd45f086a2f51d6be64b0149b71bda820f92f95e30898254528bb949f795", size = 92659, upload-time = "2026-06-02T06:17:27.383Z" }
wheels = [
    { url = "https://files.pythonhosted.org/packages/3b/d9/25e62cbb9c4077a2dabc73e5f34dc947887f4fe1526f53d2c0489abfc186/lizard-1.23.0-py2.py3-none-any.whl", hash = "sha256:e9111e35c8a5f2e00d55cab318fca3504622991417411ea16cf46874fb752f42", size = 100830, upload-time = "2026-06-02T06:17:26.076Z" },
]

[[package]]
name = "medusa"
version = "1.4.0"
source = { virtual = "." }

[package.dev-dependencies]
quality = [
    { name = "lizard" },
]

[package.metadata]

[package.metadata.requires-dev]
quality = [{ name = "lizard", specifier = "==1.23.0" }]

[[package]]
name = "pathspec"
version = "1.1.1"
source = { registry = "https://pypi.org/simple" }
sdist = { url = "https://files.pythonhosted.org/packages/5a/82/42f767fc1c1143d6fd36efb827202a2d997a375e160a71eb2888a925aac1/pathspec-1.1.1.tar.gz", hash = "sha256:17db5ecd524104a120e173814c90367a96a98d07c45b2e10c2f3919fff91bf5a", size = 135180, upload-time = "2026-04-27T01:46:08.907Z" }
wheels = [
    { url = "https://files.pythonhosted.org/packages/f1/d9/7fb5aa316bc299258e68c73ba3bddbc499654a07f151cba08f6153988714/pathspec-1.1.1-py3-none-any.whl", hash = "sha256:a00ce642f577bf7f473932318056212bc4f8bfdf53128c78bbd5af0b9b20b189", size = 57328, upload-time = "2026-04-27T01:46:07.06Z" },
]

[[package]]
name = "pygments"
version = "2.20.0"
source = { registry = "https://pypi.org/simple" }
sdist = { url = "https://files.pythonhosted.org/packages/c3/b2/bc9c9196916376152d655522fdcebac55e66de6603a76a02bca1b6414f6c/pygments-2.20.0.tar.gz", hash = "sha256:6757cd03768053ff99f3039c1a36d6c0aa0b263438fcab17520b30a303a82b5f", size = 4955991, upload-time = "2026-03-29T13:29:33.898Z" }
wheels = [
    { url = "https://files.pythonhosted.org/packages/f4/7e/a72dd26f3b0f4f2bf1dd8923c85f7ceb43172af56d63c7383eb62b332364/pygments-2.20.0-py3-none-any.whl", hash = "sha256:81a9e26dd42fd28a23a2d169d86d7ac03b46e2f8b59ed4698fb4785f946d0176", size = 1231151, upload-time = "2026-03-29T13:29:30.038Z" },
]
